
Microsoft Visual Studio Solution File, Format Version 12.00
Project("{FAE04EC0-301F-11D3-BF4B-00C04F79EFBC}") = "CodingTracker", "CodingTracker\CodingTracker.csproj", "{5B7B43EF-57BF-4F1A-BB64-82612D850953}"
EndProject
Project("{FAE04EC0-301F-11D3-BF4B-00C04F79EFBC}") = "TestProject1", "TestProject1\TestProject1.csproj", "{9FF46C95-CFC7-4E4A-BBF2-E1738AF2A740}"
EndProject
Global
	GlobalSection(SolutionConfigurationPlatforms) = preSolution
		Debug|Any CPU = Debug|Any CPU
		Release|Any CPU = Release|Any CPU
	EndGlobalSection
	GlobalSection(ProjectConfigurationPlatforms) = postSolution
		{5B7B43EF-57BF-4F1A-BB64-82612D850953}.Debug|Any CPU.ActiveCfg = Debug|Any CPU
		{5B7B43EF-57BF-4F1A-BB64-82612D850953}.Debug|Any CPU.Build.0 = Debug|Any CPU
		{5B7B43EF-57BF-4F1A-BB64-82612D850953}.Release|Any CPU.ActiveCfg = Release|Any CPU
		{5B7B43EF-57BF-4F1A-BB64-82612D850953}.Release|Any CPU.Build.0 = Release|Any CPU
		{9FF46C95-CFC7-4E4A-BBF2-E1738AF2A740}.Debug|Any CPU.ActiveCfg = Debug|Any CPU
		{9FF46C95-CFC7-4E4A-BBF2-E1738AF2A740}.Debug|Any CPU.Build.0 = Debug|Any CPU
		{9FF46C95-CFC7-4E4A-BBF2-E1738AF2A740}.Release|Any CPU.ActiveCfg = Release|Any CPU
		{9FF46C95-CFC7-4E4A-BBF2-E1738AF2A740}.Release|Any CPU.Build.0 = Release|Any CPU
	EndGlobalSection
EndGlobal
